{
  "schema_version": "farmos.spec-kit-version-lock.v1",
  "recorded_at": "2026-08-21T05:10:00Z",
  "qualified_at": "2026-08-21T05:10:00Z",
  "reconciled_at": "2026-08-21T06:40:52Z",
  "status": "QUALIFIED_USER_LOCAL",
  "installation_present": true,
  "installed_version": "0.16.5",
  "installed_executable": "/Users/hayate/.local/share/farmos-ef1-spec-kit/bin/specify",
  "package_identity": "specify-cli==0.16.5 from git+https://github.com/github/spec-kit.git@87a0e9715d59079e46b44208ba009bf1a6976643",
  "distribution_fingerprint": {"installed_tree_sha256":"929574077d44c9e5145e58719888a15ab48f017e18a9481316d3d59e6f33de40","entrypoint_sha256":"42b3c24cc7d1253b93cdbc52cbee08ca38323cf9859ad7dfd6caf214c169bc9e","record_sha256":"0f867417d078a5b1e2e73401bdb6075b5eb770027974d6a2721ab6161615c014","direct_url_sha256":"da41ca411b93c5e1ae080f2dc9a88b713d92d7875798f89211494ac4ff72bf6f","metadata_sha256":"59fb012e2220491fbf88d38770c62c0fd7fd34f99343db49d2818bca18675856"},
  "canonical_product_name": "GitHub Spec Kit",
  "official_upstream": "https://github.com/github/spec-kit",
  "distribution_package": "specify-cli",
  "executable_command": "specify",
  "requested_version": "0.16.5",
  "release_tag": "v0.16.5",
  "release_tag_object": "b0f18655e874825b7c4f7937c9777eab8d38928",
  "release_commit": "87a0e9715d59079e46b44208ba009bf1a6976643",
  "release_tree": "47707d517b074d2388c924e1b664c7c194d3dff6",
  "codex_integration_key": "codex",
  "version_pin_strategy": "official annotated tag v0.16.5 was dereferenced read-only to the release commit; installation used that exact commit and installed direct_url.json records it",
  "official_source_metadata": {"pyproject_toml_sha256":"0ba8e801cef213a5e373582efefd360baee2cced8e7fc29db8fe4361f9a95c6f","requires_python":">=3.11","project_script":"specify = specify_cli:main"},
  "uv": {"version":"0.12.5","executable":"/Users/hayate/.local/share/farmos-ef1-spec-kit/uv-0.12.5/bin/uv","sha256":"ad3564874e19defa0debefcf48e8381ac1d087c584190c1323c247bd351dd25f","installer_sha256":"504511fbbbd811aeaba6738abc79408956b6c7da0ca35437b3dcc24a41efc111","installation_mode":"UV_UNMANAGED_INSTALL with UV_NO_MODIFY_PATH=1"},
  "python": {"version":"3.11.16","executable":"/Users/hayate/.local/share/farmos-ef1-spec-kit/python-3.11.16/cpython-3.11.16-macos-aarch64-none/bin/python3.11","sha256":"6b97988de3d1ec7e03924cd2367e5a5b188699d518eed751c1c8c38c70811e5f","distribution":"uv-managed cpython-3.11.16-macos-aarch64-none"},
  "installation_target": "/Users/hayate/.local/share/farmos-ef1-spec-kit",
  "shell_profile_mutation": false,
  "shell_profile_evidence": {
    "qualification_method": "UV_UNMANAGED_INSTALL with UV_NO_MODIFY_PATH=1",
    "historical_summary": "Qualification report retained that checked shell profile hashes were unchanged and no profile was created or changed.",
    "checked_profiles": [],
    "historical_path_and_before_hash_retention": "NOT_RETAINED",
    "result": "UNCHANGED_READBACK_ESTABLISHED",
    "limitation": "Exact per-profile before/after hash bindings cannot be reconstructed without fabrication; the active v1.1 A authority requires tool qualification and does not require those individual historical hashes."
  },
  "system_python_3_9_6_modified": false,
  "installation_or_upgrade_performed": true,
  "qualification_commands": ["specify --version", "specify --help", "specify version", "specify integration --help"],
  "prohibited_commands_not_run": ["specify init", "specify integration install", "specify integration use", "specify integration switch"],
  "credential_or_production_access": false
}
