{
  "schema_version": "farmos.ef1-toolchain-manifest.v1",
  "recorded_at": "2026-08-21T03:59:17Z",
  "result": "A_QUALIFIED_REQUIREMENT_SATISFIED",
  "reconciled_at": "2026-08-21T06:58:05Z",
  "toolchain_baseline_finalized_at": "2026-08-21T06:40:52Z",
  "platforms": {
    "mac": [
      {"tool":"codex_cli","version":"0.149.0","executable":"/Users/hayate/.codex/packages/standalone/current/bin/codex","distribution":"OpenAI standalone current package","sha256":"f4a74117b8142cda581c95ff753abf4508b5636d89682c1ed77e4a9249af8963","availability":"AVAILABLE","ef1_capability":"normal CLI, exec, review, app-server schema tooling, sandbox and agent-session commands","evidence_method":"command -v codex; codex --version; codex --help"},
      {"tool":"node","version":"24.18.0","executable":"/opt/homebrew/opt/node@24/bin/node","distribution":"Homebrew node@24","sha256":"7bf42b0fd150fdb2d2ffe5e2ae83d2e2fec70411c7694ba59aaf6c145b2c637d","availability":"AVAILABLE","ef1_capability":"repository TypeScript/Next.js tooling","evidence_method":"command -v node; node --version; executable SHA-256"},
      {"tool":"pnpm","version":"11.9.0","executable":"/opt/homebrew/Cellar/pnpm/11.9.0/bin/pnpm","distribution":"Homebrew pnpm","sha256":"ff3224d46b47fbb24a7e9fe15fededef7e00892d07d4e376b6762d4899906bfd","availability":"AVAILABLE","ef1_capability":"repository-declared scripts and lockfile tooling","evidence_method":"command -v pnpm; pnpm --version; executable SHA-256"},
      {"tool":"npm","version":"11.16.0","executable":"/opt/homebrew/opt/node@24/lib/node_modules/npm/bin/npm-cli.js","distribution":"npm bundled with active Homebrew node@24","sha256":"8e5f6f3429f8cdbe693cdc29904e9d5a7b127a494bd15c804bd54c7403bfcbe7","availability":"AVAILABLE","ef1_capability":"load-bearing only for global package discovery; pnpm remains repository package manager","evidence_method":"command -v npm; npm --version; npm package.json; executable SHA-256"},
      {"tool":"git","version":"2.54.0","executable":"/opt/homebrew/Cellar/git/2.54.0/bin/git","distribution":"Homebrew git","sha256":"9b19807c702934b8c51fd2da8c2d38053bd7328536546e5a47eb3914dcc7bcde","availability":"AVAILABLE","ef1_capability":"baseline, commit, rollback and remote metadata","evidence_method":"command -v git; git --version; executable SHA-256"},
      {"tool":"github_cli","version":"2.95.0","executable":"/opt/homebrew/Cellar/gh/2.95.0/bin/gh","distribution":"Homebrew gh","sha256":"798882434e7f6ae5846194191263ecc59d56bc201f13f016270f44cb4f34499e","availability":"AVAILABLE","ef1_capability":"GitHub protection/metadata operations when separately authorized","evidence_method":"command -v gh; gh --version; executable SHA-256"},
      {"tool":"supabase_cli","version":null,"executable":null,"distribution":null,"sha256":null,"availability":"NOT_INSTALLED","classification":"KNOWN_OPTIONAL_UNAVAILABLE","ef1_capability":"A requires capability discovery, not a functioning Supabase CLI; production access remains prohibited","evidence_method":"PATH lookup, repository node_modules/.bin, Homebrew Cellar and package manifests checked; no installation found"},
      {"tool":"docker_cli","version":"29.4.0","executable":"/Applications/OrbStack.app/Contents/MacOS/xbin/docker","distribution":"OrbStack Docker CLI","sha256":"c93921f27c941f7661e5478e8af4042e546b66e69707a2b43f31a86cfe9c85d2","availability":"AVAILABLE","ef1_capability":"read-only local container capability discovery; no service mutation performed","evidence_method":"docker --version; docker context show; executable SHA-256"},
      {"tool":"docker_engine","version":"29.4.0","executable":"unix:///Users/hayate/.orbstack/run/docker.sock","distribution":"OrbStack Linux arm64 engine","sha256":null,"availability":"AVAILABLE","ef1_capability":"local isolated environment capability, read-only version proven","evidence_method":"docker version read-only query; server platform linux/arm64"},
      {"tool":"vercel_cli","version":null,"executable":null,"distribution":null,"sha256":null,"availability":"NOT_INSTALLED","classification":"KNOWN_OPTIONAL_UNAVAILABLE","ef1_capability":"A requires capability discovery, not a configured Vercel CLI","evidence_method":"PATH lookup, repository node_modules/.bin, Homebrew Cellar and package manifests checked; no installation found"},
      {"tool":"ollama","version":"0.32.9","executable":"/Applications/Ollama.app/Contents/Resources/ollama","distribution":"Ollama macOS application CLI/server","sha256":"ee63fd25df47b95b5ff762d28b40734699b6d61f88de6348946c9dd507c103d9","availability":"AVAILABLE","ef1_capability":"local/private inference runtime; read-only model inventory proven","evidence_method":"ollama --version; ollama list; executable SHA-256"},
      {"tool":"lm_studio","version":null,"executable":null,"distribution":null,"sha256":null,"availability":"NOT_INSTALLED","classification":"KNOWN_OPTIONAL_UNAVAILABLE","ef1_capability":"Mac installation is not required because Windows runtime presence is now observed and A requires inventory only","evidence_method":"lms PATH lookup and canonical /Applications locations checked; no installation found"},
      {"tool":"spec_kit","version":"0.16.5","executable":"/Users/hayate/.local/share/farmos-ef1-spec-kit/bin/specify","distribution":"GitHub Spec Kit specify-cli from exact github/spec-kit release commit","sha256":"42b3c24cc7d1253b93cdbc52cbee08ca38323cf9859ad7dfd6caf214c169bc9e","availability":"AVAILABLE","classification":"A_QUALIFIED","ef1_capability":"v1.1 actual installed Spec Kit Core Qualification with exact version/distribution pin","evidence_method":"user-local uv tool installation from exact commit; specify --version/help/version; direct_url.json fingerprint"},
      {"tool":"uv","version":"0.12.5","executable":"/Users/hayate/.local/share/farmos-ef1-spec-kit/uv-0.12.5/bin/uv","distribution":"Astral standalone official installer, unmanaged user-local install","sha256":"ad3564874e19defa0debefcf48e8381ac1d087c584190c1323c247bd351dd25f","availability":"AVAILABLE","classification":"A_QUALIFIED","ef1_capability":"isolated Spec Kit runtime/install manager","evidence_method":"official 0.12.5 installer fingerprint; uv --version; UV_UNMANAGED_INSTALL and UV_NO_MODIFY_PATH"},
      {"tool":"python3","version":"3.9.6","executable":"/usr/bin/python3","distribution":"Apple system Python","sha256":"179301dcb41ea78accc3fa0048a7e6f6710d891945a751a34addd622020c1818","availability":"AVAILABLE_NOT_USED_FOR_SPEC_KIT","classification":"NOT_APPLICABLE","ef1_capability":"system Python preserved; Spec Kit instead uses isolated uv-managed CPython 3.11.16","evidence_method":"pre-install command -v python3; python3 --version; executable SHA-256"},
      {"tool":"python3_11_spec_kit","version":"3.11.16","executable":"/Users/hayate/.local/share/farmos-ef1-spec-kit/python-3.11.16/cpython-3.11.16-macos-aarch64-none/bin/python3.11","distribution":"uv-managed cpython-3.11.16-macos-aarch64-none","sha256":"6b97988de3d1ec7e03924cd2367e5a5b188699d518eed751c1c8c38c70811e5f","availability":"AVAILABLE","classification":"A_QUALIFIED","ef1_capability":"isolated runtime satisfying specify-cli >=3.11","evidence_method":"uv python install 3.11.16; exact executable readback and SHA-256"},
      {"tool":"ruby","version":"2.6.10p210","executable":"/usr/bin/ruby","distribution":"Apple system Ruby","sha256":"9d6ff3e289c7d908e3c785e0bedd6692d1d6a3377965c88c04d847104b7c892c","availability":"AVAILABLE_NOT_EF1_LOAD_BEARING","ef1_capability":"YAML parse validation only","evidence_method":"command -v ruby; ruby --version; executable SHA-256"}
    ],
    "windows": {
      "status": "INGESTED_UNKNOWN_COUNT_ZERO",
      "evidence_path": "/Users/hayate/farmos-authority-inputs/ef1-a/windows/FarmOS_Day150_5_A_Windows_Capability_Evidence_2026-08-21.json",
      "evidence_sha256": "ac1255951b74d240975bc0b8b3a86dd962058208cac0ea6556f4a4064a96566a",
      "source_generated_at": "2026-08-21T01:19:10.2139086Z",
      "historical_ingested_at": "NOT_RETAINED",
      "historical_ingestion_time_status": "UNKNOWN_NOT_DURABLY_RECORDED",
      "reconciled_at": "2026-08-21T06:58:05Z",
      "validation": {"json_parse":"PASS","bounded_secret_scan":"PASS","unknown_count":0},
      "runtime_identity_supplement": {
        "path": "/Users/hayate/farmos-authority-inputs/ef1-a/windows/FarmOS_Day150_5_A_Windows_Runtime_Identity_Supplement_2026-08-21.json",
        "sha256": "feafaf1a5d8183b89d7aa997cc171b326b4b7564eded864ce3460202303b512c",
        "generated_at": "2026-08-21T06:36:11.3271507Z",
        "ingested_at": "2026-08-21T06:40:52Z",
        "json_parse": "PASS",
        "bounded_secret_scan": "PASS",
        "unresolved_required_identity_count": 0,
        "docker_desktop": {"product":"Docker Desktop","distribution_version":"4.83.0","launcher_version":"4.83.0.234302","architecture":"x64","runtime_observed":"RUNNING","launcher_sha256":"531781fa62cd8fa58023eff5aecb01ed88a93574f79696fd8fe327dfe1ff93e6","backend_sha256":"39d7a450b6c6f670219306d29305cd659307b3d4c401217d4b1eadfe72ba8245","bundled_docker_cli":{"version":"29.6.2","sha256":"8985cd8ac002c3240b5aa48fe401fcb55dca5d849b537e3c835564e8e8c49a70","classification":"AVAILABLE_BUNDLED_NOT_ON_PATH"}},
        "lm_studio": {"product":"LM Studio","version":"0.4.21+2","architecture":"x64","runtime_observed":"RUNNING","primary_executable_sha256":"428c46865482aef24712eb5bcbbc7b966e0d8173a946b0b2f307672e4c1529c1","cli":"lms","commit":"71bd99c","listener":"0.0.0.0:1234","listener_classification":"CURRENT_RUNTIME_INVENTORY_FINDING","follow_up":"IEG_RUNTIME_READY_GAP"}
      },
      "records": [
        {"tool":"codex_cli","availability":"AVAILABLE","version":"0.149.0","identity":"C:\\Users\\SHaya\\AppData\\Roaming\\npm\\codex.ps1","sha256":"0c149db80ed0bf442c810146b0ad0163b74982fe4542d673f56c354d7b8229cb","classification":"NOT_APPLICABLE"},
        {"tool":"node","availability":"AVAILABLE","version":"24.12.0","identity":"C:\\Program Files\\nodejs\\node.exe","sha256":"2ffe3acc0458fdde999f50d11809bbe7c9b7ef204dcf17094e325d26ace101d8","classification":"NOT_APPLICABLE"},
        {"tool":"npm","availability":"AVAILABLE","version":"11.6.2","identity":"C:\\Program Files\\nodejs\\npm.ps1","sha256":"e8aedc8c76d6cb9423b70ede071228f7cb1644094c114b8721ae6d121100d4fe","classification":"NOT_APPLICABLE"},
        {"tool":"git","availability":"AVAILABLE","version":"2.52.0.windows.1","identity":"C:\\Program Files\\Git\\cmd\\git.exe","sha256":"3cbd024d9d11ef08bd6a0cb5a973613c50825b4952bc6006f3f4222f436091e5","classification":"NOT_APPLICABLE"},
        {"tool":"python","availability":"AVAILABLE","version":"3.11.15","identity":"C:\\Users\\SHaya\\AppData\\Local\\hermes\\hermes-agent\\venv\\Scripts\\python.exe","sha256":"bb32c5dbcee5c50915d645c3a1d7d86cae83b24252bf2f33761ace07192ed0fe","classification":"NOT_APPLICABLE"},
        {"tool":"uv","availability":"AVAILABLE","version":"0.12.3","identity":"C:\\Users\\SHaya\\AppData\\Local\\hermes\\bin\\uv.exe","sha256":"68a22cbab1674647bcda32120b214e6480f875414e3333f49f87ae99b4b0e0fa","classification":"NOT_APPLICABLE"},
        {"tool":"lm_studio_runtime","availability":"AVAILABLE","version":"0.4.21+2","identity":"C:\\Users\\SHaya\\AppData\\Local\\Programs\\LM Studio\\LM Studio.exe","sha256":"428c46865482aef24712eb5bcbbc7b966e0d8173a946b0b2f307672e4c1529c1","classification":"CURRENT_RUNTIME_INVENTORY_FINDING","follow_up":"IEG_RUNTIME_READY_GAP"},
        {"tool":"docker_desktop_runtime","availability":"AVAILABLE","version":"4.83.0","identity":"Docker Desktop 4.83.0.234302","sha256":"531781fa62cd8fa58023eff5aecb01ed88a93574f79696fd8fe327dfe1ff93e6","classification":"IDENTITY_VERIFIED"},
        {"tool":"app_server","availability":"AVAILABLE_EXPERIMENTAL","version":"codex-cli 0.149.0","identity":"codex app-server command surface","classification":"NOT_APPLICABLE"},
        {"tool":"permission_request_hook","availability":"NOT_CONFIGURED","version":null,"identity":"no config.toml match","classification":"KNOWN_OPTIONAL_UNAVAILABLE"},
        {"tool":"pnpm","availability":"NOT_INSTALLED","classification":"KNOWN_OPTIONAL_UNAVAILABLE"},
        {"tool":"supabase_cli","availability":"NOT_INSTALLED","classification":"KNOWN_OPTIONAL_UNAVAILABLE"},
        {"tool":"docker_cli","availability":"AVAILABLE_BUNDLED_NOT_ON_PATH","version":"29.6.2","identity":"Docker Desktop bundled docker.exe","sha256":"8985cd8ac002c3240b5aa48fe401fcb55dca5d849b537e3c835564e8e8c49a70","classification":"AVAILABLE_BUNDLED_NOT_ON_PATH"},
        {"tool":"ollama_cli","availability":"NOT_INSTALLED","classification":"KNOWN_OPTIONAL_UNAVAILABLE"},
        {"tool":"github_cli","availability":"NOT_INSTALLED","classification":"KNOWN_OPTIONAL_UNAVAILABLE"},
        {"tool":"vercel_cli","availability":"NOT_INSTALLED","classification":"KNOWN_OPTIONAL_UNAVAILABLE"},
        {"tool":"pipx","availability":"NOT_INSTALLED","classification":"KNOWN_OPTIONAL_UNAVAILABLE"},
        {"tool":"spec_kit","availability":"NOT_INSTALLED","classification":"KNOWN_NOT_INSTALLED","a_requirement_disposition":"SATISFIED_BY_QUALIFIED_ISOLATED_MAC_DISTRIBUTION"},
        {"tool":"managed_cloud_inference_adapter","availability":"NONE_CONFIGURED","classification":"DEFERRED_TO_AUTHORIZED_LATER_EF1_SUBDAY"}
      ]
    }
  },
  "duplicate_tool_identity_count": 0,
  "required_unknown_tool_record_count": 0,
  "aggregate_a_spec_kit_requirement": {"status":"PASS","windows":"KNOWN_NOT_INSTALLED","mac":"QUALIFIED","rationale":"The approved isolated Mac distribution establishes the v1.1 A qualification; Windows absence is a known capability fact, not an A blocker."},
  "a_required_blocker_count": 0,
  "unknown_policy": "No Windows or Mac tool availability is silently unknown; conclusively absent tools are NOT_INSTALLED or NOT_CONFIGURED."
}
